// !$*UTF8*$!
{
	archiveVersion = 1;
	classes = {
	};
	objectVersion = 48;
	objects = {

/* Begin PBXBuildFile section */
		BCB315A11FD5210500D113D7 /* AppDelegate.m in Sources */ = {isa = PBXBuildFile; fileRef = BCB315A01FD5210500D113D7 /* AppDelegate.m */; };
		BCB315A41FD5210500D113D7 /* ViewController.m in Sources */ = {isa = PBXBuildFile; fileRef = BCB315A31FD5210500D113D7 /* ViewController.m */; };
		BCB315A71FD5210500D113D7 /* Main.storyboard in Resources */ = {isa = PBXBuildFile; fileRef = BCB315A51FD5210500D113D7 /* Main.storyboard */; };
		BCB315A91FD5210500D113D7 /* Assets.xcassets in Resources */ = {isa = PBXBuildFile; fileRef = BCB315A81FD5210500D113D7 /* Assets.xcassets */; };
		BCB315AC1FD5210500D113D7 /* LaunchScreen.storyboard in Resources */ = {isa = PBXBuildFile; fileRef = BCB315AA1FD5210500D113D7 /* LaunchScreen.storyboard */; };
		BCB315AF1FD5210500D113D7 /* main.m in Sources */ = {isa = PBXBuildFile; fileRef = BCB315AE1FD5210500D113D7 /* main.m */; };
		BCE01B3C1FDE274B009509BB /* YJSwitch.m in Sources */ = {isa = PBXBuildFile; fileRef = BCE01B3B1FDE274B009509BB /* YJSwitch.m */; };
		BCE01B3F1FDE2784009509BB /* YJDrawHelper.m in Sources */ = {isa = PBXBuildFile; fileRef = BCE01B3E1FDE2784009509BB /* YJDrawHelper.m */; };
		BCE01B451FDE2BE4009509BB /* FYJSwitch.m in Sources */ = {isa = PBXBuildFile; fileRef = BCE01B421FDE2BE4009509BB /* FYJSwitch.m */; };
		BCE01B481FDE65BC009509BB /* FYJDrawHelper.m in Sources */ = {isa = PBXBuildFile; fileRef = BCE01B471FDE65BC009509BB /* FYJDrawHelper.m */; };
/* End PBXBuildFile section */

/* Begin PBXFileReference section */
		BCB3159C1FD5210500D113D7 /* FYJSwitchDemo.app */ = {isa = PBXFileReference; explicitFileType = wrapper.application; includeInIndex = 0; path = FYJSwitchDemo.app; sourceTree = BUILT_PRODUCTS_DIR; };
		BCB3159F1FD5210500D113D7 /* AppDelegate.h */ = {isa = PBXFileReference; lastKnownFileType = sourcecode.c.h; path = AppDelegate.h; sourceTree = "<group>"; };
		BCB315A01FD5210500D113D7 /* AppDelegate.m */ = {isa = PBXFileReference; lastKnownFileType = sourcecode.c.objc; path = AppDelegate.m; sourceTree = "<group>"; };
		BCB315A21FD5210500D113D7 /* ViewController.h */ = {isa = PBXFileReference; lastKnownFileType = sourcecode.c.h; path = ViewController.h; sourceTree = "<group>"; };
		BCB315A31FD5210500D113D7 /* ViewController.m */ = {isa = PBXFileReference; lastKnownFileType = sourcecode.c.objc; path = ViewController.m; sourceTree = "<group>"; };
		BCB315A61FD5210500D113D7 /* Base */ = {isa = PBXFileReference; lastKnownFileType = file.storyboard; name = Base; path = Base.lproj/Main.storyboard; sourceTree = "<group>"; };
		BCB315A81FD5210500D113D7 /* Assets.xcassets */ = {isa = PBXFileReference; lastKnownFileType = folder.assetcatalog; path = Assets.xcassets; sourceTree = "<group>"; };
		BCB315AB1FD5210500D113D7 /* Base */ = {isa = PBXFileReference; lastKnownFileType = file.storyboard; name = Base; path = Base.lproj/LaunchScreen.storyboard; sourceTree = "<group>"; };
		BCB315AD1FD5210500D113D7 /* Info.plist */ = {isa = PBXFileReference; lastKnownFileType = text.plist.xml; path = Info.plist; sourceTree = "<group>"; };
		BCB315AE1FD5210500D113D7 /* main.m */ = {isa = PBXFileReference; lastKnownFileType = sourcecode.c.objc; path = main.m; sourceTree = "<group>"; };
		BCE01B3A1FDE274B009509BB /* YJSwitch.h */ = {isa = PBXFileReference; lastKnownFileType = sourcecode.c.h; path = YJSwitch.h; sourceTree = "<group>"; };
		BCE01B3B1FDE274B009509BB /* YJSwitch.m */ = {isa = PBXFileReference; lastKnownFileType = sourcecode.c.objc; path = YJSwitch.m; sourceTree = "<group>"; };
		BCE01B3D1FDE2784009509BB /* YJDrawHelper.h */ = {isa = PBXFileReference; lastKnownFileType = sourcecode.c.h; path = YJDrawHelper.h; sourceTree = "<group>"; };
		BCE01B3E1FDE2784009509BB /* YJDrawHelper.m */ = {isa = PBXFileReference; lastKnownFileType = sourcecode.c.objc; path = YJDrawHelper.m; sourceTree = "<group>"; };
		BCE01B411FDE2BE4009509BB /* FYJSwitch.h */ = {isa = PBXFileReference; fileEncoding = 4; lastKnownFileType = sourcecode.c.h; path = FYJSwitch.h; sourceTree = "<group>"; };
		BCE01B421FDE2BE4009509BB /* FYJSwitch.m */ = {isa = PBXFileReference; fileEncoding = 4; lastKnownFileType = sourcecode.c.objc; path = FYJSwitch.m; sourceTree = "<group>"; };
		BCE01B461FDE65BC009509BB /* FYJDrawHelper.h */ = {isa = PBXFileReference; fileEncoding = 4; lastKnownFileType = sourcecode.c.h; path = FYJDrawHelper.h; sourceTree = "<group>"; };
		BCE01B471FDE65BC009509BB /* FYJDrawHelper.m */ = {isa = PBXFileReference; fileEncoding = 4; lastKnownFileType = sourcecode.c.objc; path = FYJDrawHelper.m; sourceTree = "<group>"; };
/* End PBXFileReference section */

/* Begin PBXFrameworksBuildPhase section */
		BCB315991FD5210500D113D7 /* Frameworks */ = {
			isa = PBXFrameworksBuildPhase;
			buildActionMask = 2147483647;
			files = (
			);
			runOnlyForDeploymentPostprocessing = 0;
		};
/* End PBXFrameworksBuildPhase section */

/* Begin PBXGroup section */
		BCB315931FD5210500D113D7 = {
			isa = PBXGroup;
			children = (
				BCB3159E1FD5210500D113D7 /* FYJSwitchDemo */,
				BCB3159D1FD5210500D113D7 /* Products */,
			);
			sourceTree = "<group>";
		};
		BCB3159D1FD5210500D113D7 /* Products */ = {
			isa = PBXGroup;
			children = (
				BCB3159C1FD5210500D113D7 /* FYJSwitchDemo.app */,
			);
			name = Products;
			sourceTree = "<group>";
		};
		BCB3159E1FD5210500D113D7 /* FYJSwitchDemo */ = {
			isa = PBXGroup;
			children = (
				BCE01B391FDE2323009509BB /* YJSwitch */,
				BCB315B81FD5218B00D113D7 /* FYJSwitch */,
				BCB3159F1FD5210500D113D7 /* AppDelegate.h */,
				BCB315A01FD5210500D113D7 /* AppDelegate.m */,
				BCB315A21FD5210500D113D7 /* ViewController.h */,
				BCB315A31FD5210500D113D7 /* ViewController.m */,
				BCB315A51FD5210500D113D7 /* Main.storyboard */,
				BCB315A81FD5210500D113D7 /* Assets.xcassets */,
				BCB315AA1FD5210500D113D7 /* LaunchScreen.storyboard */,
				BCB315AD1FD5210500D113D7 /* Info.plist */,
				BCB315AE1FD5210500D113D7 /* main.m */,
			);
			path = FYJSwitchDemo;
			sourceTree = "<group>";
		};
		BCB315B81FD5218B00D113D7 /* FYJSwitch */ = {
			isa = PBXGroup;
			children = (
				BCE01B411FDE2BE4009509BB /* FYJSwitch.h */,
				BCE01B421FDE2BE4009509BB /* FYJSwitch.m */,
				BCE01B461FDE65BC009509BB /* FYJDrawHelper.h */,
				BCE01B471FDE65BC009509BB /* FYJDrawHelper.m */,
			);
			path = FYJSwitch;
			sourceTree = "<group>";
		};
		BCE01B391FDE2323009509BB /* YJSwitch */ = {
			isa = PBXGroup;
			children = (
				BCE01B3A1FDE274B009509BB /* YJSwitch.h */,
				BCE01B3B1FDE274B009509BB /* YJSwitch.m */,
				BCE01B3D1FDE2784009509BB /* YJDrawHelper.h */,
				BCE01B3E1FDE2784009509BB /* YJDrawHelper.m */,
			);
			path = YJSwitch;
			sourceTree = "<group>";
		};
/* End PBXGroup section */

/* Begin PBXNativeTarget section */
		BCB3159B1FD5210500D113D7 /* FYJSwitchDemo */ = {
			isa = PBXNativeTarget;
			buildConfigurationList = BCB315B21FD5210500D113D7 /* Build configuration list for PBXNativeTarget "FYJSwitchDemo" */;
			buildPhases = (
				BCB315981FD5210500D113D7 /* Sources */,
				BCB315991FD5210500D113D7 /* Frameworks */,
				BCB3159A1FD5210500D113D7 /* Resources */,
			);
			buildRules = (
			);
			dependencies = (
			);
			name = FYJSwitchDemo;
			productName = FYJSwitchDemo;
			productReference = BCB3159C1FD5210500D113D7 /* FYJSwitchDemo.app */;
			productType = "com.apple.product-type.application";
		};
/* End PBXNativeTarget section */

/* Begin PBXProject section */
		BCB315941FD5210500D113D7 /* Project object */ = {
			isa = PBXProject;
			attributes = {
				LastUpgradeCheck = 0910;
				ORGANIZATIONNAME = fyj;
				TargetAttributes = {
					BCB3159B1FD5210500D113D7 = {
						CreatedOnToolsVersion = 9.1;
						ProvisioningStyle = Automatic;
					};
				};
			};
			buildConfigurationList = BCB315971FD5210500D113D7 /* Build configuration list for PBXProject "FYJSwitchDemo" */;
			compatibilityVersion = "Xcode 8.0";
			developmentRegion = en;
			hasScannedForEncodings = 0;
			knownRegions = (
				en,
				Base,
			);
			mainGroup = BCB315931FD5210500D113D7;
			productRefGroup = BCB3159D1FD5210500D113D7 /* Products */;
			projectDirPath = "";
			projectRoot = "";
			targets = (
				BCB3159B1FD5210500D113D7 /* FYJSwitchDemo */,
			);
		};
/* End PBXProject section */

/* Begin PBXResourcesBuildPhase section */
		BCB3159A1FD5210500D113D7 /* Resources */ = {
			isa = PBXResourcesBuildPhase;
			buildActionMask = 2147483647;
			files = (
				BCB315AC1FD5210500D113D7 /* LaunchScreen.storyboard in Resources */,
				BCB315A91FD5210500D113D7 /* Assets.xcassets in Resources */,
				BCB315A71FD5210500D113D7 /* Main.storyboard in Resources */,
			);
			runOnlyForDeploymentPostprocessing = 0;
		};
/* End PBXResourcesBuildPhase section */

/* Begin PBXSourcesBuildPhase section */
		BCB315981FD5210500D113D7 /* Sources */ = {
			isa = PBXSourcesBuildPhase;
			buildActionMask = 2147483647;
			files = (
				BCE01B481FDE65BC009509BB /* FYJDrawHelper.m in Sources */,
				BCB315A41FD5210500D113D7 /* ViewController.m in Sources */,
				BCE01B451FDE2BE4009509BB /* FYJSwitch.m in Sources */,
				BCE01B3F1FDE2784009509BB /* YJDrawHelper.m in Sources */,
				BCB315AF1FD5210500D113D7 /* main.m in Sources */,
				BCE01B3C1FDE274B009509BB /* YJSwitch.m in Sources */,
				BCB315A11FD5210500D113D7 /* AppDelegate.m in Sources */,
			);
			runOnlyForDeploymentPostprocessing = 0;
		};
/* End PBXSourcesBuildPhase section */

/* Begin PBXVariantGroup section */
		BCB315A51FD5210500D113D7 /* Main.storyboard */ = {
			isa = PBXVariantGroup;
			children = (
				BCB315A61FD5210500D113D7 /* Base */,
			);
			name = Main.storyboard;
			sourceTree = "<group>";
		};
		BCB315AA1FD5210500D113D7 /* LaunchScreen.storyboard */ = {
			isa = PBXVariantGroup;
			children = (
				BCB315AB1FD5210500D113D7 /* Base */,
			);
			name = LaunchScreen.storyboard;
			sourceTree = "<group>";
		};
/* End PBXVariantGroup section */

/* Begin XCBuildConfiguration section */
		BCB315B01FD5210500D113D7 /* Debug */ = {
			isa = XCBuildConfiguration;
			buildSettings = {
				ALWAYS_SEARCH_USER_PATHS = NO;
				CLANG_ANALYZER_NONNULL = YES;
				CLANG_ANALYZER_NUMBER_OBJECT_CONVERSION = YES_AGGRESSIVE;
				CLANG_CXX_LANGUAGE_STANDARD = "gnu++14";
				CLANG_CXX_LIBRARY = "libc++";
				CLANG_ENABLE_MODULES = YES;
				CLANG_ENABLE_OBJC_ARC = YES;
				CLANG_WARN_BLOCK_CAPTURE_AUTORELEASING = YES;
				CLANG_WARN_BOOL_CONVERSION = YES;
				CLANG_WARN_COMMA = YES;
				CLANG_WARN_CONSTANT_CONVERSION = YES;
				CLANG_WARN_DIRECT_OBJC_ISA_USAGE = YES_ERROR;
				CLANG_WARN_DOCUMENTATION_COMMENTS = YES;
				CLANG_WARN_EMPTY_BODY = YES;
				CLANG_WARN_ENUM_CONVERSION = YES;
				CLANG_WARN_INFINITE_RECURSION = YES;
				CLANG_WARN_INT_CONVERSION = YES;
				CLANG_WARN_NON_LITERAL_NULL_CONVERSION = YES;
				CLANG_WARN_OBJC_LITERAL_CONVERSION = YES;
				CLANG_WARN_OBJC_ROOT_CLASS = YES_ERROR;
				CLANG_WARN_RANGE_LOOP_ANALYSIS = YES;
				CLANG_WARN_STRICT_PROTOTYPES = YES;
				CLANG_WARN_SUSPICIOUS_MOVE = YES;
				CLANG_WARN_UNGUARDED_AVAILABILITY = YES_AGGRESSIVE;
				CLANG_WARN_UNREACHABLE_CODE = YES;
				CLANG_WARN__DUPLICATE_METHOD_MATCH = YES;
				CODE_SIGN_IDENTITY = "iPhone Developer";
				COPY_PHASE_STRIP = NO;
				DEBUG_INFORMATION_FORMAT = dwarf;
				ENABLE_STRICT_OBJC_MSGSEND = YES;
				ENABLE_TESTABILITY = YES;
				GCC_C_LANGUAGE_STANDARD = gnu11;
				GCC_DYNAMIC_NO_PIC = NO;
				GCC_NO_COMMON_BLOCKS = YES;
				GCC_OPTIMIZATION_LEVEL = 0;
				GCC_PREPROCESSOR_DEFINITIONS = (
					"DEBUG=1",
					"$(inherited)",
				);
				GCC_WARN_64_TO_32_BIT_CONVERSION = YES;
				GCC_WARN_ABOUT_RETURN_TYPE = YES_ERROR;
				GCC_WARN_UNDECLARED_SELECTOR = YES;
				GCC_WARN_UNINITIALIZED_AUTOS = YES_AGGRESSIVE;
				GCC_WARN_UNUSED_FUNCTION = YES;
				GCC_WARN_UNUSED_VARIABLE = YES;
				IPHONEOS_DEPLOYMENT_TARGET = 11.1;
				MTL_ENABLE_DEBUG_INFO = YES;
				ONLY_ACTIVE_ARCH = YES;
				SDKROOT = iphoneos;
			};
			name = Debug;
		};
		BCB315B11FD5210500D113D7 /* Release */ = {
			isa = XCBuildConfiguration;
			buildSettings = {
				ALWAYS_SEARCH_USER_PATHS = NO;
				CLANG_ANALYZER_NONNULL = YES;
				CLANG_ANALYZER_NUMBER_OBJECT_CONVERSION = YES_AGGRESSIVE;
				CLANG_CXX_LANGUAGE_STANDARD = "gnu++14";
				CLANG_CXX_LIBRARY = "libc++";
				CLANG_ENABLE_MODULES = YES;
				CLANG_ENABLE_OBJC_ARC = YES;
				CLANG_WARN_BLOCK_CAPTURE_AUTORELEASING = YES;
				CLANG_WARN_BOOL_CONVERSION = YES;
				CLANG_WARN_COMMA = YES;
				CLANG_WARN_CONSTANT_CONVERSION = YES;
				CLANG_WARN_DIRECT_OBJC_ISA_USAGE = YES_ERROR;
				CLANG_WARN_DOCUMENTATION_COMMENTS = YES;
				CLANG_WARN_EMPTY_BODY = YES;
				CLANG_WARN_ENUM_CONVERSION = YES;
				CLANG_WARN_INFINITE_RECURSION = YES;
				CLANG_WARN_INT_CONVERSION = YES;
				CLANG_WARN_NON_LITERAL_NULL_CONVERSION = YES;
				CLANG_WARN_OBJC_LITERAL_CONVERSION = YES;
				CLANG_WARN_OBJC_ROOT_CLASS = YES_ERROR;
				CLANG_WARN_RANGE_LOOP_ANALYSIS = YES;
				CLANG_WARN_STRICT_PROTOTYPES = YES;
				CLANG_WARN_SUSPICIOUS_MOVE = YES;
				CLANG_WARN_UNGUARDED_AVAILABILITY = YES_AGGRESSIVE;
				CLANG_WARN_UNREACHABLE_CODE = YES;
				CLANG_WARN__DUPLICATE_METHOD_MATCH = YES;
				CODE_SIGN_IDENTITY = "iPhone Developer";
				COPY_PHASE_STRIP = NO;
				DEBUG_INFORMATION_FORMAT = "dwarf-with-dsym";
				ENABLE_NS_ASSERTIONS = NO;
				ENABLE_STRICT_OBJC_MSGSEND = YES;
				GCC_C_LANGUAGE_STANDARD = gnu11;
				GCC_NO_COMMON_BLOCKS = YES;
				GCC_WARN_64_TO_32_BIT_CONVERSION = YES;
				GCC_WARN_ABOUT_RETURN_TYPE = YES_ERROR;
				GCC_WARN_UNDECLARED_SELECTOR = YES;
				GCC_WARN_UNINITIALIZED_AUTOS = YES_AGGRESSIVE;
				GCC_WARN_UNUSED_FUNCTION = YES;
				GCC_WARN_UNUSED_VARIABLE = YES;
				IPHONEOS_DEPLOYMENT_TARGET = 11.1;
				MTL_ENABLE_DEBUG_INFO = NO;
				SDKROOT = iphoneos;
				VALIDATE_PRODUCT = YES;
			};
			name = Release;
		};
		BCB315B31FD5210500D113D7 /* Debug */ = {
			isa = XCBuildConfiguration;
			buildSettings = {
				ASSETCATALOG_COMPILER_APPICON_NAME = AppIcon;
				CODE_SIGN_STYLE = Automatic;
				DEVELOPMENT_TEAM = 39R888NE98;
				INFOPLIST_FILE = FYJSwitchDemo/Info.plist;
				LD_RUNPATH_SEARCH_PATHS = "$(inherited) @executable_path/Frameworks";
				PRODUCT_BUNDLE_IDENTIFIER = fyj.FYJSwitchDemo;
				PRODUCT_NAME = "$(TARGET_NAME)";
				TARGETED_DEVICE_FAMILY = "1,2";
			};
			name = Debug;
		};
		BCB315B41FD5210500D113D7 /* Release */ = {
			isa = XCBuildConfiguration;
			buildSettings = {
				ASSETCATALOG_COMPILER_APPICON_NAME = AppIcon;
				CODE_SIGN_STYLE = Automatic;
				DEVELOPMENT_TEAM = 39R888NE98;
				INFOPLIST_FILE = FYJSwitchDemo/Info.plist;
				LD_RUNPATH_SEARCH_PATHS = "$(inherited) @executable_path/Frameworks";
				PRODUCT_BUNDLE_IDENTIFIER = fyj.FYJSwitchDemo;
				PRODUCT_NAME = "$(TARGET_NAME)";
				TARGETED_DEVICE_FAMILY = "1,2";
			};
			name = Release;
		};
/* End XCBuildConfiguration section */

/* Begin XCConfigurationList section */
		BCB315971FD5210500D113D7 /* Build configuration list for PBXProject "FYJSwitchDemo" */ = {
			isa = XCConfigurationList;
			buildConfigurations = (
				BCB315B01FD5210500D113D7 /* Debug */,
				BCB315B11FD5210500D113D7 /* Release */,
			);
			defaultConfigurationIsVisible = 0;
			defaultConfigurationName = Release;
		};
		BCB315B21FD5210500D113D7 /* Build configuration list for PBXNativeTarget "FYJSwitchDemo" */ = {
			isa = XCConfigurationList;
			buildConfigurations = (
				BCB315B31FD5210500D113D7 /* Debug */,
				BCB315B41FD5210500D113D7 /* Release */,
			);
			defaultConfigurationIsVisible = 0;
			defaultConfigurationName = Release;
		};
/* End XCConfigurationList section */
	};
	rootObject = BCB315941FD5210500D113D7 /* Project object */;
}
